// !$*UTF8*$!
{
	archiveVersion = 1;
	classes = {
	};
	objectVersion = 46;
	objects = {

/* Begin PBXBuildFile section */
		CC3A1B549B7364FA03898C20 /* libPods-HybridMenu-iOS.a in Frameworks */ = {isa = PBXBuildFile; fileRef = C45A484B8561F0F30B0AD9D7 /* libPods-HybridMenu-iOS.a */; };
		F20105391EDD4E5A006DC7E5 /* MainTabBarController.m in Sources */ = {isa = PBXBuildFile; fileRef = F20105381EDD4E5A006DC7E5 /* MainTabBarController.m */; };
		F20854761EF2205A00A1800F /* mine_img_quit@3x.png in Resources */ = {isa = PBXBuildFile; fileRef = F208546E1EF2205A00A1800F /* mine_img_quit@3x.png */; };
		F20854771EF2205A00A1800F /* mine_img_about@2x.png in Resources */ = {isa = PBXBuildFile; fileRef = F208546F1EF2205A00A1800F /* mine_img_about@2x.png */; };
		F20854781EF2205A00A1800F /* mine_img_collect@2x.png in Resources */ = {isa = PBXBuildFile; fileRef = F20854701EF2205A00A1800F /* mine_img_collect@2x.png */; };
		F20854791EF2205A00A1800F /* mine_img_collect@3x.png in Resources */ = {isa = PBXBuildFile; fileRef = F20854711EF2205A00A1800F /* mine_img_collect@3x.png */; };
		F208547A1EF2205A00A1800F /* mine_img_suggest@2x.png in Resources */ = {isa = PBXBuildFile; fileRef = F20854721EF2205A00A1800F /* mine_img_suggest@2x.png */; };
		F208547B1EF2205A00A1800F /* mine_img_about@3x.png in Resources */ = {isa = PBXBuildFile; fileRef = F20854731EF2205A00A1800F /* mine_img_about@3x.png */; };
		F208547C1EF2205A00A1800F /* mine_img_suggest@3x.png in Resources */ = {isa = PBXBuildFile; fileRef = F20854741EF2205A00A1800F /* mine_img_suggest@3x.png */; };
		F208547D1EF2205A00A1800F /* mine_img_quit@2x.png in Resources */ = {isa = PBXBuildFile; fileRef = F20854751EF2205A00A1800F /* mine_img_quit@2x.png */; };
		F20854881EF2350300A1800F /* mine_img_indicator@2x.png in Resources */ = {isa = PBXBuildFile; fileRef = F20854861EF2350300A1800F /* mine_img_indicator@2x.png */; };
		F20854891EF2350300A1800F /* mine_img_indicator@3x.png in Resources */ = {isa = PBXBuildFile; fileRef = F20854871EF2350300A1800F /* mine_img_indicator@3x.png */; };
		F216D28F1EE5A929004FC349 /* BaseCollectionViewController.m in Sources */ = {isa = PBXBuildFile; fileRef = F216D28E1EE5A929004FC349 /* BaseCollectionViewController.m */; };
		F22286D41EED90F60017516C /* menu_img_collect@2x.png in Resources */ = {isa = PBXBuildFile; fileRef = F22286CE1EED90F60017516C /* menu_img_collect@2x.png */; };
		F22286D51EED90F60017516C /* menu_img_collect@3x.png in Resources */ = {isa = PBXBuildFile; fileRef = F22286CF1EED90F60017516C /* menu_img_collect@3x.png */; };
		F22286D61EED90F60017516C /* menu_img_look@2x.png in Resources */ = {isa = PBXBuildFile; fileRef = F22286D01EED90F60017516C /* menu_img_look@2x.png */; };
		F22286D71EED90F60017516C /* menu_img_look@3x.png in Resources */ = {isa = PBXBuildFile; fileRef = F22286D11EED90F60017516C /* menu_img_look@3x.png */; };
		F22286D81EED90F60017516C /* menu_img_collected@2x.png in Resources */ = {isa = PBXBuildFile; fileRef = F22286D21EED90F60017516C /* menu_img_collected@2x.png */; };
		F22286D91EED90F60017516C /* menu_img_collected@3x.png in Resources */ = {isa = PBXBuildFile; fileRef = F22286D31EED90F60017516C /* menu_img_collected@3x.png */; };
		F22286DC1EEE3C2D0017516C /* login_img_check@2x.png in Resources */ = {isa = PBXBuildFile; fileRef = F22286DA1EEE3C2D0017516C /* login_img_check@2x.png */; };
		F22286DD1EEE3C2D0017516C /* login_img_check@3x.png in Resources */ = {isa = PBXBuildFile; fileRef = F22286DB1EEE3C2D0017516C /* login_img_check@3x.png */; };
		F2337C861EF2BFF600BB962E /* mine_img_head@2x.png in Resources */ = {isa = PBXBuildFile; fileRef = F2337C841EF2BFF600BB962E /* mine_img_head@2x.png */; };
		F2337C871EF2BFF600BB962E /* mine_img_head@3x.png in Resources */ = {isa = PBXBuildFile; fileRef = F2337C851EF2BFF600BB962E /* mine_img_head@3x.png */; };
		F2337C8E1EF2C25800BB962E /* AboutViewController.m in Sources */ = {isa = PBXBuildFile; fileRef = F2337C8C1EF2C25800BB962E /* AboutViewController.m */; };
		F2337C8F1EF2C25800BB962E /* AboutViewController.xib in Resources */ = {isa = PBXBuildFile; fileRef = F2337C8D1EF2C25800BB962E /* AboutViewController.xib */; };
		F2337C921EF2C42500BB962E /* SuggestionViewController.m in Sources */ = {isa = PBXBuildFile; fileRef = F2337C911EF2C42500BB962E /* SuggestionViewController.m */; };
		F24C1BB21EEBBE0D0048D970 /* tabbar_img_mine@2x.png in Resources */ = {isa = PBXBuildFile; fileRef = F24C1BAE1EEBBE0D0048D970 /* tabbar_img_mine@2x.png */; };
		F24C1BB31EEBBE0D0048D970 /* tabbar_img_daily@3x.png in Resources */ = {isa = PBXBuildFile; fileRef = F24C1BAF1EEBBE0D0048D970 /* tabbar_img_daily@3x.png */; };
		F24C1BB41EEBBE0D0048D970 /* tabbar_img_daily@2x.png in Resources */ = {isa = PBXBuildFile; fileRef = F24C1BB01EEBBE0D0048D970 /* tabbar_img_daily@2x.png */; };
		F24C1BB51EEBBE0D0048D970 /* tabbar_img_mine@3x.png in Resources */ = {isa = PBXBuildFile; fileRef = F24C1BB11EEBBE0D0048D970 /* tabbar_img_mine@3x.png */; };
		F24C1BB81EEBBE870048D970 /* tabbar_img_menu@2x.png in Resources */ = {isa = PBXBuildFile; fileRef = F24C1BB61EEBBE870048D970 /* tabbar_img_menu@2x.png */; };
		F24C1BB91EEBBE870048D970 /* tabbar_img_menu@3x.png in Resources */ = {isa = PBXBuildFile; fileRef = F24C1BB71EEBBE870048D970 /* tabbar_img_menu@3x.png */; };
		F24C1BC41EEBE30E0048D970 /* MenuWebViewController.m in Sources */ = {isa = PBXBuildFile; fileRef = F24C1BC31EEBE30E0048D970 /* MenuWebViewController.m */; };
		F265658A1EDD1631004EEDCC /* LoginEntry.m in Sources */ = {isa = PBXBuildFile; fileRef = F26565891EDD1631004EEDCC /* LoginEntry.m */; };
		F26565931EDD1F2F004EEDCC /* LoginViewController.m in Sources */ = {isa = PBXBuildFile; fileRef = F26565911EDD1F2F004EEDCC /* LoginViewController.m */; };
		F26565941EDD1F2F004EEDCC /* LoginViewController.xib in Resources */ = {isa = PBXBuildFile; fileRef = F26565921EDD1F2F004EEDCC /* LoginViewController.xib */; };
		F28A3E441EDC5820005E51EE /* Assets.xcassets in Resources */ = {isa = PBXBuildFile; fileRef = F28A3E311EDC5820005E51EE /* Assets.xcassets */; };
		F28A3E451EDC5820005E51EE /* LaunchScreen.storyboard in Resources */ = {isa = PBXBuildFile; fileRef = F28A3E321EDC5820005E51EE /* LaunchScreen.storyboard */; };
		F28A3E461EDC5820005E51EE /* Main.storyboard in Resources */ = {isa = PBXBuildFile; fileRef = F28A3E341EDC5820005E51EE /* Main.storyboard */; };
		F28A3E471EDC5820005E51EE /* HybridMenu_iOS.xcdatamodeld in Sources */ = {isa = PBXBuildFile; fileRef = F28A3E361EDC5820005E51EE /* HybridMenu_iOS.xcdatamodeld */; };
		F28A3E491EDC5820005E51EE /* main.m in Sources */ = {isa = PBXBuildFile; fileRef = F28A3E391EDC5820005E51EE /* main.m */; };
		F28A3E4D1EDC58D8005E51EE /* HttpClient.m in Sources */ = {isa = PBXBuildFile; fileRef = F28A3E4C1EDC58D8005E51EE /* HttpClient.m */; };
		F2BA6F261EE6F76500BF34A7 /* MenuCollectionViewController.m in Sources */ = {isa = PBXBuildFile; fileRef = F2BA6F251EE6F76500BF34A7 /* MenuCollectionViewController.m */; };
		F2BAFDBF1EE265EF007E103C /* BaseViewController.m in Sources */ = {isa = PBXBuildFile; fileRef = F2BAFDBE1EE265EF007E103C /* BaseViewController.m */; };
		F2BAFDC21EE26600007E103C /* BaseTableViewController.m in Sources */ = {isa = PBXBuildFile; fileRef = F2BAFDC11EE26600007E103C /* BaseTableViewController.m */; };
		F2C570311EE3AA1A00D9FEF4 /* MenuViewController.m in Sources */ = {isa = PBXBuildFile; fileRef = F2C570301EE3AA1A00D9FEF4 /* MenuViewController.m */; };
		F2C570341EE3AA3C00D9FEF4 /* MineViewController.m in Sources */ = {isa = PBXBuildFile; fileRef = F2C570331EE3AA3C00D9FEF4 /* MineViewController.m */; };
		F2C570371EE3AA7E00D9FEF4 /* MenuListModel.m in Sources */ = {isa = PBXBuildFile; fileRef = F2C570361EE3AA7E00D9FEF4 /* MenuListModel.m */; };
		F2C5703A1EE3AB8400D9FEF4 /* RecommendViewController.m in Sources */ = {isa = PBXBuildFile; fileRef = F2C570391EE3AB8400D9FEF4 /* RecommendViewController.m */; };
		F2D48EA81EE3D627007900EC /* AppUtility.m in Sources */ = {isa = PBXBuildFile; fileRef = F2D48EA71EE3D627007900EC /* AppUtility.m */; };
		F2D48EAB1EE3D636007900EC /* UserDefaultUtility.m in Sources */ = {isa = PBXBuildFile; fileRef = F2D48EAA1EE3D636007900EC /* UserDefaultUtility.m */; };
		F2D48EAF1EE3DCED007900EC /* AppDelegate.m in Sources */ = {isa = PBXBuildFile; fileRef = F2D48EAE1EE3DCED007900EC /* AppDelegate.m */; };
		F2D48EB51EE3E0CD007900EC /* DataBaseHelper.m in Sources */ = {isa = PBXBuildFile; fileRef = F2D48EB41EE3E0CD007900EC /* DataBaseHelper.m */; };
		F2D48EB81EE3E15A007900EC /* BaseHandler.m in Sources */ = {isa = PBXBuildFile; fileRef = F2D48EB71EE3E15A007900EC /* BaseHandler.m */; };
		F2D48EC11EE3EA3D007900EC /* MenuListCollectionViewCell.xib in Resources */ = {isa = PBXBuildFile; fileRef = F2D48EBF1EE3EA3D007900EC /* MenuListCollectionViewCell.xib */; };
		F2D48EC41EE3EF60007900EC /* LoginHandler.m in Sources */ = {isa = PBXBuildFile; fileRef = F2D48EC31EE3EF60007900EC /* LoginHandler.m */; };
		F2D48ECA1EE3FF24007900EC /* SegmentView.m in Sources */ = {isa = PBXBuildFile; fileRef = F2D48EC91EE3FF24007900EC /* SegmentView.m */; };
		F2D48ECD1EE411B2007900EC /* MenuListCollectionViewCell.m in Sources */ = {isa = PBXBuildFile; fileRef = F2D48ECC1EE411B2007900EC /* MenuListCollectionViewCell.m */; };
		F2D6CE421EDC4A2200D8EEFC /* HybridMenu_iOSTests.m in Sources */ = {isa = PBXBuildFile; fileRef = F2D6CE411EDC4A2200D8EEFC /* HybridMenu_iOSTests.m */; };
		F2D6CE4D1EDC4A2200D8EEFC /* HybridMenu_iOSUITests.m in Sources */ = {isa = PBXBuildFile; fileRef = F2D6CE4C1EDC4A2200D8EEFC /* HybridMenu_iOSUITests.m */; };
		F2DC2AD01EEE7FFE00389A85 /* login_img_cancel@2x.png in Resources */ = {isa = PBXBuildFile; fileRef = F2DC2ACE1EEE7FFE00389A85 /* login_img_cancel@2x.png */; };
		F2DC2AD11EEE7FFE00389A85 /* login_img_cancel@3x.png in Resources */ = {isa = PBXBuildFile; fileRef = F2DC2ACF1EEE7FFE00389A85 /* login_img_cancel@3x.png */; };
		F2F5C0101EF02604008DE45E /* MineTableViewCell.m in Sources */ = {isa = PBXBuildFile; fileRef = F2F5C00E1EF02604008DE45E /* MineTableViewCell.m */; };
		F2F5C0111EF02604008DE45E /* MineTableViewCell.xib in Resources */ = {isa = PBXBuildFile; fileRef = F2F5C00F1EF02604008DE45E /* MineTableViewCell.xib */; };
		F2F5C0171EF14883008DE45E /* CommentViewController.m in Sources */ = {isa = PBXBuildFile; fileRef = F2F5C0161EF14883008DE45E /* CommentViewController.m */; };
/* End PBXBuildFile section */

/* Begin PBXContainerItemProxy section */
		F2D6CE3E1EDC4A2200D8EEFC /* PBXContainerItemProxy */ = {
			isa = PBXContainerItemProxy;
			containerPortal = F2D6CE191EDC4A2200D8EEFC /* Project object */;
			proxyType = 1;
			remoteGlobalIDString = F2D6CE201EDC4A2200D8EEFC;
			remoteInfo = "HybridMenu-iOS";
		};
		F2D6CE491EDC4A2200D8EEFC /* PBXContainerItemProxy */ = {
			isa = PBXContainerItemProxy;
			containerPortal = F2D6CE191EDC4A2200D8EEFC /* Project object */;
			proxyType = 1;
			remoteGlobalIDString = F2D6CE201EDC4A2200D8EEFC;
			remoteInfo = "HybridMenu-iOS";
		};
/* End PBXContainerItemProxy section */

/* Begin PBXFileReference section */
		1FB26CBC0318A7036BA8A442 /* Pods-HybridMenu-iOS.release.xcconfig */ = {isa = PBXFileReference; includeInIndex = 1; lastKnownFileType = text.xcconfig; name = "Pods-HybridMenu-iOS.release.xcconfig"; path = "Pods/Target Support Files/Pods-HybridMenu-iOS/Pods-HybridMenu-iOS.release.xcconfig"; sourceTree = "<group>"; };
		C45A484B8561F0F30B0AD9D7 /* libPods-HybridMenu-iOS.a */ = {isa = PBXFileReference; explicitFileType = archive.ar; includeInIndex = 0; path = "libPods-HybridMenu-iOS.a"; sourceTree = BUILT_PRODUCTS_DIR; };
		E26B778B5ECD761CE76F7D85 /* Pods-HybridMenu-iOS.debug.xcconfig */ = {isa = PBXFileReference; includeInIndex = 1; lastKnownFileType = text.xcconfig; name = "Pods-HybridMenu-iOS.debug.xcconfig"; path = "Pods/Target Support Files/Pods-HybridMenu-iOS/Pods-HybridMenu-iOS.debug.xcconfig"; sourceTree = "<group>"; };
		F20105371EDD4E5A006DC7E5 /* MainTabBarController.h */ = {isa = PBXFileReference; fileEncoding = 4; lastKnownFileType = sourcecode.c.h; path = MainTabBarController.h; sourceTree = "<group>"; };
		F20105381EDD4E5A006DC7E5 /* MainTabBarController.m */ = {isa = PBXFileReference; fileEncoding = 4; lastKnownFileType = sourcecode.c.objc; path = MainTabBarController.m; sourceTree = "<group>"; };
		F208546E1EF2205A00A1800F /* mine_img_quit@3x.png */ = {isa = PBXFileReference; lastKnownFileType = image.png; path = "mine_img_quit@3x.png"; sourceTree = "<group>"; };
		F208546F1EF2205A00A1800F /* mine_img_about@2x.png */ = {isa = PBXFileReference; lastKnownFileType = image.png; path = "mine_img_about@2x.png"; sourceTree = "<group>"; };
		F20854701EF2205A00A1800F /* mine_img_collect@2x.png */ = {isa = PBXFileReference; lastKnownFileType = image.png; path = "mine_img_collect@2x.png"; sourceTree = "<group>"; };
		F20854711EF2205A00A1800F /* mine_img_collect@3x.png */ = {isa = PBXFileReference; lastKnownFileType = image.png; path = "mine_img_collect@3x.png"; sourceTree = "<group>"; };
		F20854721EF2205A00A1800F /* mine_img_suggest@2x.png */ = {isa = PBXFileReference; lastKnownFileType = image.png; path = "mine_img_suggest@2x.png"; sourceTree = "<group>"; };
		F20854731EF2205A00A1800F /* mine_img_about@3x.png */ = {isa = PBXFileReference; lastKnownFileType = image.png; path = "mine_img_about@3x.png"; sourceTree = "<group>"; };
		F20854741EF2205A00A1800F /* mine_img_suggest@3x.png */ = {isa = PBXFileReference; lastKnownFileType = image.png; path = "mine_img_suggest@3x.png"; sourceTree = "<group>"; };
		F20854751EF2205A00A1800F /* mine_img_quit@2x.png */ = {isa = PBXFileReference; lastKnownFileType = image.png; path = "mine_img_quit@2x.png"; sourceTree = "<group>"; };
		F20854861EF2350300A1800F /* mine_img_indicator@2x.png */ = {isa = PBXFileReference; lastKnownFileType = image.png; path = "mine_img_indicator@2x.png"; sourceTree = "<group>"; };
		F20854871EF2350300A1800F /* mine_img_indicator@3x.png */ = {isa = PBXFileReference; lastKnownFileType = image.png; path = "mine_img_indicator@3x.png"; sourceTree = "<group>"; };
		F216D28D1EE5A929004FC349 /* BaseCollectionViewController.h */ = {isa = PBXFileReference; fileEncoding = 4; lastKnownFileType = sourcecode.c.h; path = BaseCollectionViewController.h; sourceTree = "<group>"; };
		F216D28E1EE5A929004FC349 /* BaseCollectionViewController.m */ = {isa = PBXFileReference; fileEncoding = 4; lastKnownFileType = sourcecode.c.objc; path = BaseCollectionViewController.m; sourceTree = "<group>"; };
		F22286CE1EED90F60017516C /* menu_img_collect@2x.png */ = {isa = PBXFileReference; lastKnownFileType = image.png; path = "menu_img_collect@2x.png"; sourceTree = "<group>"; };
		F22286CF1EED90F60017516C /* menu_img_collect@3x.png */ = {isa = PBXFileReference; lastKnownFileType = image.png; path = "menu_img_collect@3x.png"; sourceTree = "<group>"; };
		F22286D01EED90F60017516C /* menu_img_look@2x.png */ = {isa = PBXFileReference; lastKnownFileType = image.png; path = "menu_img_look@2x.png"; sourceTree = "<group>"; };
		F22286D11EED90F60017516C /* menu_img_look@3x.png */ = {isa = PBXFileReference; lastKnownFileType = image.png; path = "menu_img_look@3x.png"; sourceTree = "<group>"; };
		F22286D21EED90F60017516C /* menu_img_collected@2x.png */ = {isa = PBXFileReference; lastKnownFileType = image.png; path = "menu_img_collected@2x.png"; sourceTree = "<group>"; };
		F22286D31EED90F60017516C /* menu_img_collected@3x.png */ = {isa = PBXFileReference; lastKnownFileType = image.png; path = "menu_img_collected@3x.png"; sourceTree = "<group>"; };
		F22286DA1EEE3C2D0017516C /* login_img_check@2x.png */ = {isa = PBXFileReference; lastKnownFileType = image.png; path = "login_img_check@2x.png"; sourceTree = "<group>"; };
		F22286DB1EEE3C2D0017516C /* login_img_check@3x.png */ = {isa = PBXFileReference; lastKnownFileType = image.png; path = "login_img_check@3x.png"; sourceTree = "<group>"; };
		F2337C841EF2BFF600BB962E /* mine_img_head@2x.png */ = {isa = PBXFileReference; lastKnownFileType = image.png; path = "mine_img_head@2x.png"; sourceTree = "<group>"; };
		F2337C851EF2BFF600BB962E /* mine_img_head@3x.png */ = {isa = PBXFileReference; lastKnownFileType = image.png; path = "mine_img_head@3x.png"; sourceTree = "<group>"; };
		F2337C8B1EF2C25800BB962E /* AboutViewController.h */ = {isa = PBXFileReference; fileEncoding = 4; lastKnownFileType = sourcecode.c.h; path = AboutViewController.h; sourceTree = "<group>"; };
		F2337C8C1EF2C25800BB962E /* AboutViewController.m */ = {isa = PBXFileReference; fileEncoding = 4; lastKnownFileType = sourcecode.c.objc; path = AboutViewController.m; sourceTree = "<group>"; };
		F2337C8D1EF2C25800BB962E /* AboutViewController.xib */ = {isa = PBXFileReference; fileEncoding = 4; lastKnownFileType = file.xib; path = AboutViewController.xib; sourceTree = "<group>"; };
		F2337C901EF2C42500BB962E /* SuggestionViewController.h */ = {isa = PBXFileReference; fileEncoding = 4; lastKnownFileType = sourcecode.c.h; path = SuggestionViewController.h; sourceTree = "<group>"; };
		F2337C911EF2C42500BB962E /* SuggestionViewController.m */ = {isa = PBXFileReference; fileEncoding = 4; lastKnownFileType = sourcecode.c.objc; path = SuggestionViewController.m; sourceTree = "<group>"; };
		F24C1BAE1EEBBE0D0048D970 /* tabbar_img_mine@2x.png */ = {isa = PBXFileReference; lastKnownFileType = image.png; path = "tabbar_img_mine@2x.png"; sourceTree = "<group>"; };
		F24C1BAF1EEBBE0D0048D970 /* tabbar_img_daily@3x.png */ = {isa = PBXFileReference; lastKnownFileType = image.png; path = "tabbar_img_daily@3x.png"; sourceTree = "<group>"; };
		F24C1BB01EEBBE0D0048D970 /* tabbar_img_daily@2x.png */ = {isa = PBXFileReference; lastKnownFileType = image.png; path = "tabbar_img_daily@2x.png"; sourceTree = "<group>"; };
		F24C1BB11EEBBE0D0048D970 /* tabbar_img_mine@3x.png */ = {isa = PBXFileReference; lastKnownFileType = image.png; path = "tabbar_img_mine@3x.png"; sourceTree = "<group>"; };
		F24C1BB61EEBBE870048D970 /* tabbar_img_menu@2x.png */ = {isa = PBXFileReference; lastKnownFileType = image.png; path = "tabbar_img_menu@2x.png"; sourceTree = "<group>"; };
		F24C1BB71EEBBE870048D970 /* tabbar_img_menu@3x.png */ = {isa = PBXFileReference; lastKnownFileType = image.png; path = "tabbar_img_menu@3x.png"; sourceTree = "<group>"; };
		F24C1BC21EEBE30E0048D970 /* MenuWebViewController.h */ = {isa = PBXFileReference; fileEncoding = 4; lastKnownFileType = sourcecode.c.h; path = MenuWebViewController.h; sourceTree = "<group>"; };
		F24C1BC31EEBE30E0048D970 /* MenuWebViewController.m */ = {isa = PBXFileReference; fileEncoding = 4; lastKnownFileType = sourcecode.c.objc; path = MenuWebViewController.m; sourceTree = "<group>"; };
		F26565881EDD1631004EEDCC /* LoginEntry.h */ = {isa = PBXFileReference; fileEncoding = 4; lastKnownFileType = sourcecode.c.h; path = LoginEntry.h; sourceTree = "<group>"; };
		F26565891EDD1631004EEDCC /* LoginEntry.m */ = {isa = PBXFileReference; fileEncoding = 4; lastKnownFileType = sourcecode.c.objc; path = LoginEntry.m; sourceTree = "<group>"; };
		F265658B1EDD186F004EEDCC /* PrefixHeader.pch */ = {isa = PBXFileReference; lastKnownFileType = sourcecode.c.h; path = PrefixHeader.pch; sourceTree = "<group>"; };
		F26565901EDD1F2F004EEDCC /* LoginViewController.h */ = {isa = PBXFileReference; fileEncoding = 4; lastKnownFileType = sourcecode.c.h; path = LoginViewController.h; sourceTree = "<group>"; };
		F26565911EDD1F2F004EEDCC /* LoginViewController.m */ = {isa = PBXFileReference; fileEncoding = 4; lastKnownFileType = sourcecode.c.objc; path = LoginViewController.m; sourceTree = "<group>"; };
		F26565921EDD1F2F004EEDCC /* LoginViewController.xib */ = {isa = PBXFileReference; fileEncoding = 4; lastKnownFileType = file.xib; path = LoginViewController.xib; sourceTree = "<group>"; };
		F28A3E311EDC5820005E51EE /* Assets.xcassets */ = {isa = PBXFileReference; lastKnownFileType = folder.assetcatalog; path = Assets.xcassets; sourceTree = "<group>"; };
		F28A3E331EDC5820005E51EE /* Base */ = {isa = PBXFileReference; lastKnownFileType = file.storyboard; name = Base; path = Base.lproj/LaunchScreen.storyboard; sourceTree = "<group>"; };
		F28A3E351EDC5820005E51EE /* Base */ = {isa = PBXFileReference; lastKnownFileType = file.storyboard; name = Base; path = Base.lproj/Main.storyboard; sourceTree = "<group>"; };
		F28A3E371EDC5820005E51EE /* HybridMenu_iOS.xcdatamodel */ = {isa = PBXFileReference; lastKnownFileType = wrapper.xcdatamodel; path = HybridMenu_iOS.xcdatamodel; sourceTree = "<group>"; };
		F28A3E381EDC5820005E51EE /* Info.plist */ = {isa = PBXFileReference; fileEncoding = 4; lastKnownFileType = text.plist.xml; path = Info.plist; sourceTree = "<group>"; };
		F28A3E391EDC5820005E51EE /* main.m */ = {isa = PBXFileReference; fileEncoding = 4; lastKnownFileType = sourcecode.c.objc; path = main.m; sourceTree = "<group>"; };
		F28A3E4B1EDC58D8005E51EE /* HttpClient.h */ = {isa = PBXFileReference; fileEncoding = 4; lastKnownFileType = sourcecode.c.h; path = HttpClient.h; sourceTree = "<group>"; };
		F28A3E4C1EDC58D8005E51EE /* HttpClient.m */ = {isa = PBXFileReference; fileEncoding = 4; lastKnownFileType = sourcecode.c.objc; path = HttpClient.m; sourceTree = "<group>"; };
		F2BA6F241EE6F76500BF34A7 /* MenuCollectionViewController.h */ = {isa = PBXFileReference; fileEncoding = 4; lastKnownFileType = sourcecode.c.h; path = MenuCollectionViewController.h; sourceTree = "<group>"; };
		F2BA6F251EE6F76500BF34A7 /* MenuCollectionViewController.m */ = {isa = PBXFileReference; fileEncoding = 4; lastKnownFileType = sourcecode.c.objc; path = MenuCollectionViewController.m; sourceTree = "<group>"; };
		F2BAFDBD1EE265EF007E103C /* BaseViewController.h */ = {isa = PBXFileReference; fileEncoding = 4; lastKnownFileType = sourcecode.c.h; path = BaseViewController.h; sourceTree = "<group>"; };
		F2BAFDBE1EE265EF007E103C /* BaseViewController.m */ = {isa = PBXFileReference; fileEncoding = 4; lastKnownFileType = sourcecode.c.objc; path = BaseViewController.m; sourceTree = "<group>"; };
		F2BAFDC01EE26600007E103C /* BaseTableViewController.h */ = {isa = PBXFileReference; fileEncoding = 4; lastKnownFileType = sourcecode.c.h; path = BaseTableViewController.h; sourceTree = "<group>"; };
		F2BAFDC11EE26600007E103C /* BaseTableViewController.m */ = {isa = PBXFileReference; fileEncoding = 4; lastKnownFileType = sourcecode.c.objc; path = BaseTableViewController.m; sourceTree = "<group>"; };
		F2C5702F1EE3AA1A00D9FEF4 /* MenuViewController.h */ = {isa = PBXFileReference; fileEncoding = 4; lastKnownFileType = sourcecode.c.h; path = MenuViewController.h; sourceTree = "<group>"; };
		F2C570301EE3AA1A00D9FEF4 /* MenuViewController.m */ = {isa = PBXFileReference; fileEncoding = 4; lastKnownFileType = sourcecode.c.objc; path = MenuViewController.m; sourceTree = "<group>"; };
		F2C570321EE3AA3C00D9FEF4 /* MineViewController.h */ = {isa = PBXFileReference; fileEncoding = 4; lastKnownFileType = sourcecode.c.h; path = MineViewController.h; sourceTree = "<group>"; };
		F2C570331EE3AA3C00D9FEF4 /* MineViewController.m */ = {isa = PBXFileReference; fileEncoding = 4; lastKnownFileType = sourcecode.c.objc; path = MineViewController.m; sourceTree = "<group>"; };
		F2C570351EE3AA7E00D9FEF4 /* MenuListModel.h */ = {isa = PBXFileReference; fileEncoding = 4; lastKnownFileType = sourcecode.c.h; path = MenuListModel.h; sourceTree = "<group>"; };
		F2C570361EE3AA7E00D9FEF4 /* MenuListModel.m */ = {isa = PBXFileReference; fileEncoding = 4; lastKnownFileType = sourcecode.c.objc; path = MenuListModel.m; sourceTree = "<group>"; };
		F2C570381EE3AB8400D9FEF4 /* RecommendViewController.h */ = {isa = PBXFileReference; fileEncoding = 4; lastKnownFileType = sourcecode.c.h; path = RecommendViewController.h; sourceTree = "<group>"; };
		F2C570391EE3AB8400D9FEF4 /* RecommendViewController.m */ = {isa = PBXFileReference; fileEncoding = 4; lastKnownFileType = sourcecode.c.objc; path = RecommendViewController.m; sourceTree = "<group>"; };
		F2D48EA61EE3D627007900EC /* AppUtility.h */ = {isa = PBXFileReference; fileEncoding = 4; lastKnownFileType = sourcecode.c.h; path = AppUtility.h; sourceTree = "<group>"; };
		F2D48EA71EE3D627007900EC /* AppUtility.m */ = {isa = PBXFileReference; fileEncoding = 4; lastKnownFileType = sourcecode.c.objc; path = AppUtility.m; sourceTree = "<group>"; };
		F2D48EA91EE3D636007900EC /* UserDefaultUtility.h */ = {isa = PBXFileReference; fileEncoding = 4; lastKnownFileType = sourcecode.c.h; path = UserDefaultUtility.h; sourceTree = "<group>"; };
		F2D48EAA1EE3D636007900EC /* UserDefaultUtility.m */ = {isa = PBXFileReference; fileEncoding = 4; lastKnownFileType = sourcecode.c.objc; path = UserDefaultUtility.m; sourceTree = "<group>"; };
		F2D48EAD1EE3DCED007900EC /* AppDelegate.h */ = {isa = PBXFileReference; fileEncoding = 4; lastKnownFileType = sourcecode.c.h; path = AppDelegate.h; sourceTree = "<group>"; };
		F2D48EAE1EE3DCED007900EC /* AppDelegate.m */ = {isa = PBXFileReference; fileEncoding = 4; lastKnownFileType = sourcecode.c.objc; path = AppDelegate.m; sourceTree = "<group>"; };
		F2D48EB31EE3E0CD007900EC /* DataBaseHelper.h */ = {isa = PBXFileReference; fileEncoding = 4; lastKnownFileType = sourcecode.c.h; path = DataBaseHelper.h; sourceTree = "<group>"; };
		F2D48EB41EE3E0CD007900EC /* DataBaseHelper.m */ = {isa = PBXFileReference; fileEncoding = 4; lastKnownFileType = sourcecode.c.objc; path = DataBaseHelper.m; sourceTree = "<group>"; };
		F2D48EB61EE3E15A007900EC /* BaseHandler.h */ = {isa = PBXFileReference; fileEncoding = 4; lastKnownFileType = sourcecode.c.h; path = BaseHandler.h; sourceTree = "<group>"; };
		F2D48EB71EE3E15A007900EC /* BaseHandler.m */ = {isa = PBXFileReference; fileEncoding = 4; lastKnownFileType = sourcecode.c.objc; path = BaseHandler.m; sourceTree = "<group>"; };
		F2D48EBF1EE3EA3D007900EC /* MenuListCollectionViewCell.xib */ = {isa = PBXFileReference; fileEncoding = 4; lastKnownFileType = file.xib; path = MenuListCollectionViewCell.xib; sourceTree = "<group>"; };
		F2D48EC21EE3EF60007900EC /* LoginHandler.h */ = {isa = PBXFileReference; fileEncoding = 4; lastKnownFileType = sourcecode.c.h; path = LoginHandler.h; sourceTree = "<group>"; };
		F2D48EC31EE3EF60007900EC /* LoginHandler.m */ = {isa = PBXFileReference; fileEncoding = 4; lastKnownFileType = sourcecode.c.objc; path = LoginHandler.m; sourceTree = "<group>"; };
		F2D48EC81EE3FF24007900EC /* SegmentView.h */ = {isa = PBXFileReference; fileEncoding = 4; lastKnownFileType = sourcecode.c.h; path = SegmentView.h; sourceTree = "<group>"; };
		F2D48EC91EE3FF24007900EC /* SegmentView.m */ = {isa = PBXFileReference; fileEncoding = 4; lastKnownFileType = sourcecode.c.objc; path = SegmentView.m; sourceTree = "<group>"; };
		F2D48ECB1EE411B2007900EC /* MenuListCollectionViewCell.h */ = {isa = PBXFileReference; fileEncoding = 4; lastKnownFileType = sourcecode.c.h; path = MenuListCollectionViewCell.h; sourceTree = "<group>"; };
		F2D48ECC1EE411B2007900EC /* MenuListCollectionViewCell.m */ = {isa = PBXFileReference; fileEncoding = 4; lastKnownFileType = sourcecode.c.objc; path = MenuListCollectionViewCell.m; sourceTree = "<group>"; };
		F2D6CE211EDC4A2200D8EEFC /* HybridMenu-iOS.app */ = {isa = PBXFileReference; explicitFileType = wrapper.application; includeInIndex = 0; path = "HybridMenu-iOS.app"; sourceTree = BUILT_PRODUCTS_DIR; };
		F2D6CE3D1EDC4A2200D8EEFC /* HybridMenu-iOSTests.xctest */ = {isa = PBXFileReference; explicitFileType = wrapper.cfbundle; includeInIndex = 0; path = "HybridMenu-iOSTests.xctest"; sourceTree = BUILT_PRODUCTS_DIR; };
		F2D6CE411EDC4A2200D8EEFC /* HybridMenu_iOSTests.m */ = {isa = PBXFileReference; lastKnownFileType = sourcecode.c.objc; path = HybridMenu_iOSTests.m; sourceTree = "<group>"; };
		F2D6CE431EDC4A2200D8EEFC /* Info.plist */ = {isa = PBXFileReference; lastKnownFileType = text.plist.xml; path = Info.plist; sourceTree = "<group>"; };
		F2D6CE481EDC4A2200D8EEFC /* HybridMenu-iOSUITests.xctest */ = {isa = PBXFileReference; explicitFileType = wrapper.cfbundle; includeInIndex = 0; path = "HybridMenu-iOSUITests.xctest"; sourceTree = BUILT_PRODUCTS_DIR; };
		F2D6CE4C1EDC4A2200D8EEFC /* HybridMenu_iOSUITests.m */ = {isa = PBXFileReference; lastKnownFileType = sourcecode.c.objc; path = HybridMenu_iOSUITests.m; sourceTree = "<group>"; };
		F2D6CE4E1EDC4A2200D8EEFC /* Info.plist */ = {isa = PBXFileReference; lastKnownFileType = text.plist.xml; path = Info.plist; sourceTree = "<group>"; };
		F2DC2ACE1EEE7FFE00389A85 /* login_img_cancel@2x.png */ = {isa = PBXFileReference; lastKnownFileType = image.png; path = "login_img_cancel@2x.png"; sourceTree = "<group>"; };
		F2DC2ACF1EEE7FFE00389A85 /* login_img_cancel@3x.png */ = {isa = PBXFileReference; lastKnownFileType = image.png; path = "login_img_cancel@3x.png"; sourceTree = "<group>"; };
		F2F5C00D1EF02604008DE45E /* MineTableViewCell.h */ = {isa = PBXFileReference; fileEncoding = 4; lastKnownFileType = sourcecode.c.h; path = MineTableViewCell.h; sourceTree = "<group>"; };
		F2F5C00E1EF02604008DE45E /* MineTableViewCell.m */ = {isa = PBXFileReference; fileEncoding = 4; lastKnownFileType = sourcecode.c.objc; path = MineTableViewCell.m; sourceTree = "<group>"; };
		F2F5C00F1EF02604008DE45E /* MineTableViewCell.xib */ = {isa = PBXFileReference; fileEncoding = 4; lastKnownFileType = file.xib; path = MineTableViewCell.xib; sourceTree = "<group>"; };
		F2F5C0151EF14883008DE45E /* CommentViewController.h */ = {isa = PBXFileReference; fileEncoding = 4; lastKnownFileType = sourcecode.c.h; path = CommentViewController.h; sourceTree = "<group>"; };
		F2F5C0161EF14883008DE45E /* CommentViewController.m */ = {isa = PBXFileReference; fileEncoding = 4; lastKnownFileType = sourcecode.c.objc; path = CommentViewController.m; sourceTree = "<group>"; };
/* End PBXFileReference section */

/* Begin PBXFrameworksBuildPhase section */
		F2D6CE1E1EDC4A2200D8EEFC /* Frameworks */ = {
			isa = PBXFrameworksBuildPhase;
			buildActionMask = 2147483647;
			files = (
				CC3A1B549B7364FA03898C20 /* libPods-HybridMenu-iOS.a in Frameworks */,
			);
			runOnlyForDeploymentPostprocessing = 0;
		};
		F2D6CE3A1EDC4A2200D8EEFC /* Frameworks */ = {
			isa = PBXFrameworksBuildPhase;
			buildActionMask = 2147483647;
			files = (
			);
			runOnlyForDeploymentPostprocessing = 0;
		};
		F2D6CE451EDC4A2200D8EEFC /* Frameworks */ = {
			isa = PBXFrameworksBuildPhase;
			buildActionMask = 2147483647;
			files = (
			);
			runOnlyForDeploymentPostprocessing = 0;
		};
/* End PBXFrameworksBuildPhase section */

/* Begin PBXGroup section */
		5CF154C8DEA180A9CE82D3FE /* Frameworks */ = {
			isa = PBXGroup;
			children = (
				C45A484B8561F0F30B0AD9D7 /* libPods-HybridMenu-iOS.a */,
			);
			name = Frameworks;
			sourceTree = "<group>";
		};
		EF78124E6C8A5053E6A36465 /* Pods */ = {
			isa = PBXGroup;
			children = (
				E26B778B5ECD761CE76F7D85 /* Pods-HybridMenu-iOS.debug.xcconfig */,
				1FB26CBC0318A7036BA8A442 /* Pods-HybridMenu-iOS.release.xcconfig */,
			);
			name = Pods;
			sourceTree = "<group>";
		};
		F24C1BC71EEC18960048D970 /* Comment */ = {
			isa = PBXGroup;
			children = (
				F24C1BC81EEC18960048D970 /* Controller */,
				F24C1BC91EEC18960048D970 /* Model */,
				F24C1BCA1EEC18960048D970 /* View */,
			);
			path = Comment;
			sourceTree = "<group>";
		};
		F24C1BC81EEC18960048D970 /* Controller */ = {
			isa = PBXGroup;
			children = (
				F2F5C0151EF14883008DE45E /* CommentViewController.h */,
				F2F5C0161EF14883008DE45E /* CommentViewController.m */,
			);
			path = Controller;
			sourceTree = "<group>";
		};
		F24C1BC91EEC18960048D970 /* Model */ = {
			isa = PBXGroup;
			children = (
			);
			path = Model;
			sourceTree = "<group>";
		};
		F24C1BCA1EEC18960048D970 /* View */ = {
			isa = PBXGroup;
			children = (
			);
			path = View;
			sourceTree = "<group>";
		};
		F265658C1EDD19EF004EEDCC /* Main */ = {
			isa = PBXGroup;
			children = (
				F20105371EDD4E5A006DC7E5 /* MainTabBarController.h */,
				F20105381EDD4E5A006DC7E5 /* MainTabBarController.m */,
			);
			path = Main;
			sourceTree = "<group>";
		};
		F28A3E2D1EDC5820005E51EE /* Utility */ = {
			isa = PBXGroup;
			children = (
				F2D48EA61EE3D627007900EC /* AppUtility.h */,
				F2D48EA71EE3D627007900EC /* AppUtility.m */,
				F2D48EA91EE3D636007900EC /* UserDefaultUtility.h */,
				F2D48EAA1EE3D636007900EC /* UserDefaultUtility.m */,
			);
			path = Utility;
			sourceTree = "<group>";
		};
		F28A3E2E1EDC5820005E51EE /* Supporting Files */ = {
			isa = PBXGroup;
			children = (
				F28A3E311EDC5820005E51EE /* Assets.xcassets */,
				F28A3E321EDC5820005E51EE /* LaunchScreen.storyboard */,
				F28A3E341EDC5820005E51EE /* Main.storyboard */,
				F28A3E361EDC5820005E51EE /* HybridMenu_iOS.xcdatamodeld */,
				F28A3E381EDC5820005E51EE /* Info.plist */,
				F28A3E391EDC5820005E51EE /* main.m */,
			);
			path = "Supporting Files";
			sourceTree = "<group>";
		};
		F28A3E3C1EDC5820005E51EE /* NetWork */ = {
			isa = PBXGroup;
			children = (
				F28A3E4B1EDC58D8005E51EE /* HttpClient.h */,
				F28A3E4C1EDC58D8005E51EE /* HttpClient.m */,
			);
			path = NetWork;
			sourceTree = "<group>";
		};
		F28A3E3D1EDC5820005E51EE /* Login */ = {
			isa = PBXGroup;
			children = (
				F26565881EDD1631004EEDCC /* LoginEntry.h */,
				F26565891EDD1631004EEDCC /* LoginEntry.m */,
				F26565901EDD1F2F004EEDCC /* LoginViewController.h */,
				F26565911EDD1F2F004EEDCC /* LoginViewController.m */,
				F26565921EDD1F2F004EEDCC /* LoginViewController.xib */,
			);
			path = Login;
			sourceTree = "<group>";
		};
		F28A3E3E1EDC5820005E51EE /* DataBase */ = {
			isa = PBXGroup;
			children = (
				F2D48EB31EE3E0CD007900EC /* DataBaseHelper.h */,
				F2D48EB41EE3E0CD007900EC /* DataBaseHelper.m */,
			);
			path = DataBase;
			sourceTree = "<group>";
		};
		F28A3E3F1EDC5820005E51EE /* Common */ = {
			isa = PBXGroup;
			children = (
				F265658B1EDD186F004EEDCC /* PrefixHeader.pch */,
				F2D48EC81EE3FF24007900EC /* SegmentView.h */,
				F2D48EC91EE3FF24007900EC /* SegmentView.m */,
			);
			path = Common;
			sourceTree = "<group>";
		};
		F28A3E401EDC5820005E51EE /* Category */ = {
			isa = PBXGroup;
			children = (
			);
			path = Category;
			sourceTree = "<group>";
		};
		F28A3E411EDC5820005E51EE /* Business */ = {
			isa = PBXGroup;
			children = (
				F24C1BC71EEC18960048D970 /* Comment */,
				F2C570231EE3AA0B00D9FEF4 /* Menu */,
				F2C570271EE3AA0B00D9FEF4 /* Mine */,
				F2C5702B1EE3AA0B00D9FEF4 /* Recommend */,
			);
			path = Business;
			sourceTree = "<group>";
		};
		F28A3E421EDC5820005E51EE /* Base */ = {
			isa = PBXGroup;
			children = (
				F2D48EB61EE3E15A007900EC /* BaseHandler.h */,
				F2D48EB71EE3E15A007900EC /* BaseHandler.m */,
				F2BAFDBD1EE265EF007E103C /* BaseViewController.h */,
				F2BAFDBE1EE265EF007E103C /* BaseViewController.m */,
				F2BAFDC01EE26600007E103C /* BaseTableViewController.h */,
				F2BAFDC11EE26600007E103C /* BaseTableViewController.m */,
				F216D28D1EE5A929004FC349 /* BaseCollectionViewController.h */,
				F216D28E1EE5A929004FC349 /* BaseCollectionViewController.m */,
			);
			path = Base;
			sourceTree = "<group>";
		};
		F28A3E501EDC5CA9005E51EE /* Resource */ = {
			isa = PBXGroup;
			children = (
				F2D48EB11EE3E0AE007900EC /* Image */,
				F2D48EB21EE3E0AE007900EC /* Music */,
			);
			path = Resource;
			sourceTree = "<group>";
		};
		F2C570231EE3AA0B00D9FEF4 /* Menu */ = {
			isa = PBXGroup;
			children = (
				F2C570241EE3AA0B00D9FEF4 /* Controller */,
				F2C570251EE3AA0B00D9FEF4 /* Model */,
				F2C570261EE3AA0B00D9FEF4 /* View */,
			);
			path = Menu;
			sourceTree = "<group>";
		};
		F2C570241EE3AA0B00D9FEF4 /* Controller */ = {
			isa = PBXGroup;
			children = (
				F2C5702F1EE3AA1A00D9FEF4 /* MenuViewController.h */,
				F2C570301EE3AA1A00D9FEF4 /* MenuViewController.m */,
				F2BA6F241EE6F76500BF34A7 /* MenuCollectionViewController.h */,
				F2BA6F251EE6F76500BF34A7 /* MenuCollectionViewController.m */,
				F24C1BC21EEBE30E0048D970 /* MenuWebViewController.h */,
				F24C1BC31EEBE30E0048D970 /* MenuWebViewController.m */,
			);
			path = Controller;
			sourceTree = "<group>";
		};
		F2C570251EE3AA0B00D9FEF4 /* Model */ = {
			isa = PBXGroup;
			children = (
				F2C570351EE3AA7E00D9FEF4 /* MenuListModel.h */,
				F2C570361EE3AA7E00D9FEF4 /* MenuListModel.m */,
			);
			path = Model;
			sourceTree = "<group>";
		};
		F2C570261EE3AA0B00D9FEF4 /* View */ = {
			isa = PBXGroup;
			children = (
				F2D48ECB1EE411B2007900EC /* MenuListCollectionViewCell.h */,
				F2D48ECC1EE411B2007900EC /* MenuListCollectionViewCell.m */,
				F2D48EBF1EE3EA3D007900EC /* MenuListCollectionViewCell.xib */,
			);
			path = View;
			sourceTree = "<group>";
		};
		F2C570271EE3AA0B00D9FEF4 /* Mine */ = {
			isa = PBXGroup;
			children = (
				F2C570281EE3AA0B00D9FEF4 /* Controller */,
				F2C570291EE3AA0B00D9FEF4 /* Model */,
				F2C5702A1EE3AA0B00D9FEF4 /* View */,
			);
			path = Mine;
			sourceTree = "<group>";
		};
		F2C570281EE3AA0B00D9FEF4 /* Controller */ = {
			isa = PBXGroup;
			children = (
				F2337C901EF2C42500BB962E /* SuggestionViewController.h */,
				F2337C911EF2C42500BB962E /* SuggestionViewController.m */,
				F2C570321EE3AA3C00D9FEF4 /* MineViewController.h */,
				F2C570331EE3AA3C00D9FEF4 /* MineViewController.m */,
				F2337C8B1EF2C25800BB962E /* AboutViewController.h */,
				F2337C8C1EF2C25800BB962E /* AboutViewController.m */,
				F2337C8D1EF2C25800BB962E /* AboutViewController.xib */,
			);
			path = Controller;
			sourceTree = "<group>";
		};
		F2C570291EE3AA0B00D9FEF4 /* Model */ = {
			isa = PBXGroup;
			children = (
			);
			path = Model;
			sourceTree = "<group>";
		};
		F2C5702A1EE3AA0B00D9FEF4 /* View */ = {
			isa = PBXGroup;
			children = (
				F2F5C00D1EF02604008DE45E /* MineTableViewCell.h */,
				F2F5C00E1EF02604008DE45E /* MineTableViewCell.m */,
				F2F5C00F1EF02604008DE45E /* MineTableViewCell.xib */,
			);
			path = View;
			sourceTree = "<group>";
		};
		F2C5702B1EE3AA0B00D9FEF4 /* Recommend */ = {
			isa = PBXGroup;
			children = (
				F2C5702C1EE3AA0B00D9FEF4 /* Controller */,
				F2C5702D1EE3AA0B00D9FEF4 /* Model */,
				F2C5702E1EE3AA0B00D9FEF4 /* View */,
			);
			path = Recommend;
			sourceTree = "<group>";
		};
		F2C5702C1EE3AA0B00D9FEF4 /* Controller */ = {
			isa = PBXGroup;
			children = (
				F2C570381EE3AB8400D9FEF4 /* RecommendViewController.h */,
				F2C570391EE3AB8400D9FEF4 /* RecommendViewController.m */,
			);
			path = Controller;
			sourceTree = "<group>";
		};
		F2C5702D1EE3AA0B00D9FEF4 /* Model */ = {
			isa = PBXGroup;
			children = (
			);
			path = Model;
			sourceTree = "<group>";
		};
		F2C5702E1EE3AA0B00D9FEF4 /* View */ = {
			isa = PBXGroup;
			children = (
			);
			path = View;
			sourceTree = "<group>";
		};
		F2D48EAC1EE3DCED007900EC /* Application */ = {
			isa = PBXGroup;
			children = (
				F2D48EAD1EE3DCED007900EC /* AppDelegate.h */,
				F2D48EAE1EE3DCED007900EC /* AppDelegate.m */,
			);
			path = Application;
			sourceTree = "<group>";
		};
		F2D48EB11EE3E0AE007900EC /* Image */ = {
			isa = PBXGroup;
			children = (
				F2337C841EF2BFF600BB962E /* mine_img_head@2x.png */,
				F2337C851EF2BFF600BB962E /* mine_img_head@3x.png */,
				F20854861EF2350300A1800F /* mine_img_indicator@2x.png */,
				F20854871EF2350300A1800F /* mine_img_indicator@3x.png */,
				F208546E1EF2205A00A1800F /* mine_img_quit@3x.png */,
				F20854751EF2205A00A1800F /* mine_img_quit@2x.png */,
				F208546F1EF2205A00A1800F /* mine_img_about@2x.png */,
				F20854731EF2205A00A1800F /* mine_img_about@3x.png */,
				F20854701EF2205A00A1800F /* mine_img_collect@2x.png */,
				F20854711EF2205A00A1800F /* mine_img_collect@3x.png */,
				F20854721EF2205A00A1800F /* mine_img_suggest@2x.png */,
				F20854741EF2205A00A1800F /* mine_img_suggest@3x.png */,
				F2DC2ACE1EEE7FFE00389A85 /* login_img_cancel@2x.png */,
				F2DC2ACF1EEE7FFE00389A85 /* login_img_cancel@3x.png */,
				F22286DA1EEE3C2D0017516C /* login_img_check@2x.png */,
				F22286DB1EEE3C2D0017516C /* login_img_check@3x.png */,
				F22286CE1EED90F60017516C /* menu_img_collect@2x.png */,
				F22286CF1EED90F60017516C /* menu_img_collect@3x.png */,
				F22286D01EED90F60017516C /* menu_img_look@2x.png */,
				F22286D11EED90F60017516C /* menu_img_look@3x.png */,
				F22286D21EED90F60017516C /* menu_img_collected@2x.png */,
				F22286D31EED90F60017516C /* menu_img_collected@3x.png */,
				F24C1BAE1EEBBE0D0048D970 /* tabbar_img_mine@2x.png */,
				F24C1BAF1EEBBE0D0048D970 /* tabbar_img_daily@3x.png */,
				F24C1BB01EEBBE0D0048D970 /* tabbar_img_daily@2x.png */,
				F24C1BB11EEBBE0D0048D970 /* tabbar_img_mine@3x.png */,
				F24C1BB61EEBBE870048D970 /* tabbar_img_menu@2x.png */,
				F24C1BB71EEBBE870048D970 /* tabbar_img_menu@3x.png */,
			);
			path = Image;
			sourceTree = "<group>";
		};
		F2D48EB21EE3E0AE007900EC /* Music */ = {
			isa = PBXGroup;
			children = (
			);
			path = Music;
			sourceTree = "<group>";
		};
		F2D48EB91EE3E192007900EC /* Handler */ = {
			isa = PBXGroup;
			children = (
				F2D48EC21EE3EF60007900EC /* LoginHandler.h */,
				F2D48EC31EE3EF60007900EC /* LoginHandler.m */,
			);
			path = Handler;
			sourceTree = "<group>";
		};
		F2D6CE181EDC4A2200D8EEFC = {
			isa = PBXGroup;
			children = (
				F2D6CE231EDC4A2200D8EEFC /* HybridMenu-iOS */,
				F2D6CE401EDC4A2200D8EEFC /* HybridMenu-iOSTests */,
				F2D6CE4B1EDC4A2200D8EEFC /* HybridMenu-iOSUITests */,
				F2D6CE221EDC4A2200D8EEFC /* Products */,
				EF78124E6C8A5053E6A36465 /* Pods */,
				5CF154C8DEA180A9CE82D3FE /* Frameworks */,
			);
			sourceTree = "<group>";
		};
		F2D6CE221EDC4A2200D8EEFC /* Products */ = {
			isa = PBXGroup;
			children = (
				F2D6CE211EDC4A2200D8EEFC /* HybridMenu-iOS.app */,
				F2D6CE3D1EDC4A2200D8EEFC /* HybridMenu-iOSTests.xctest */,
				F2D6CE481EDC4A2200D8EEFC /* HybridMenu-iOSUITests.xctest */,
			);
			name = Products;
			sourceTree = "<group>";
		};
		F2D6CE231EDC4A2200D8EEFC /* HybridMenu-iOS */ = {
			isa = PBXGroup;
			children = (
				F2D48EAC1EE3DCED007900EC /* Application */,
				F28A3E421EDC5820005E51EE /* Base */,
				F28A3E411EDC5820005E51EE /* Business */,
				F28A3E401EDC5820005E51EE /* Category */,
				F28A3E3F1EDC5820005E51EE /* Common */,
				F265658C1EDD19EF004EEDCC /* Main */,
				F28A3E3D1EDC5820005E51EE /* Login */,
				F2D48EB91EE3E192007900EC /* Handler */,
				F28A3E501EDC5CA9005E51EE /* Resource */,
				F28A3E2D1EDC5820005E51EE /* Utility */,
				F28A3E3C1EDC5820005E51EE /* NetWork */,
				F28A3E3E1EDC5820005E51EE /* DataBase */,
				F28A3E2E1EDC5820005E51EE /* Supporting Files */,
			);
			path = "HybridMenu-iOS";
			sourceTree = "<group>";
		};
		F2D6CE401EDC4A2200D8EEFC /* HybridMenu-iOSTests */ = {
			isa = PBXGroup;
			children = (
				F2D6CE411EDC4A2200D8EEFC /* HybridMenu_iOSTests.m */,
				F2D6CE431EDC4A2200D8EEFC /* Info.plist */,
			);
			path = "HybridMenu-iOSTests";
			sourceTree = "<group>";
		};
		F2D6CE4B1EDC4A2200D8EEFC /* HybridMenu-iOSUITests */ = {
			isa = PBXGroup;
			children = (
				F2D6CE4C1EDC4A2200D8EEFC /* HybridMenu_iOSUITests.m */,
				F2D6CE4E1EDC4A2200D8EEFC /* Info.plist */,
			);
			path = "HybridMenu-iOSUITests";
			sourceTree = "<group>";
		};
/* End PBXGroup section */

/* Begin PBXNativeTarget section */
		F2D6CE201EDC4A2200D8EEFC /* HybridMenu-iOS */ = {
			isa = PBXNativeTarget;
			buildConfigurationList = F2D6CE511EDC4A2200D8EEFC /* Build configuration list for PBXNativeTarget "HybridMenu-iOS" */;
			buildPhases = (
				2C7D2A9BEB588715BD961A74 /* [CP] Check Pods Manifest.lock */,
				F2D6CE1D1EDC4A2200D8EEFC /* Sources */,
				F2D6CE1E1EDC4A2200D8EEFC /* Frameworks */,
				F2D6CE1F1EDC4A2200D8EEFC /* Resources */,
				38D8783DC7C70CBD805A5FE5 /* [CP] Embed Pods Frameworks */,
				D71BC7535F697AD0BF06901D /* [CP] Copy Pods Resources */,
			);
			buildRules = (
			);
			dependencies = (
			);
			name = "HybridMenu-iOS";
			productName = "HybridMenu-iOS";
			productReference = F2D6CE211EDC4A2200D8EEFC /* HybridMenu-iOS.app */;
			productType = "com.apple.product-type.application";
		};
		F2D6CE3C1EDC4A2200D8EEFC /* HybridMenu-iOSTests */ = {
			isa = PBXNativeTarget;
			buildConfigurationList = F2D6CE541EDC4A2200D8EEFC /* Build configuration list for PBXNativeTarget "HybridMenu-iOSTests" */;
			buildPhases = (
				F2D6CE391EDC4A2200D8EEFC /* Sources */,
				F2D6CE3A1EDC4A2200D8EEFC /* Frameworks */,
				F2D6CE3B1EDC4A2200D8EEFC /* Resources */,
			);
			buildRules = (
			);
			dependencies = (
				F2D6CE3F1EDC4A2200D8EEFC /* PBXTargetDependency */,
			);
			name = "HybridMenu-iOSTests";
			productName = "HybridMenu-iOSTests";
			productReference = F2D6CE3D1EDC4A2200D8EEFC /* HybridMenu-iOSTests.xctest */;
			productType = "com.apple.product-type.bundle.unit-test";
		};
		F2D6CE471EDC4A2200D8EEFC /* HybridMenu-iOSUITests */ = {
			isa = PBXNativeTarget;
			buildConfigurationList = F2D6CE571EDC4A2200D8EEFC /* Build configuration list for PBXNativeTarget "HybridMenu-iOSUITests" */;
			buildPhases = (
				F2D6CE441EDC4A2200D8EEFC /* Sources */,
				F2D6CE451EDC4A2200D8EEFC /* Frameworks */,
				F2D6CE461EDC4A2200D8EEFC /* Resources */,
			);
			buildRules = (
			);
			dependencies = (
				F2D6CE4A1EDC4A2200D8EEFC /* PBXTargetDependency */,
			);
			name = "HybridMenu-iOSUITests";
			productName = "HybridMenu-iOSUITests";
			productReference = F2D6CE481EDC4A2200D8EEFC /* HybridMenu-iOSUITests.xctest */;
			productType = "com.apple.product-type.bundle.ui-testing";
		};
/* End PBXNativeTarget section */

/* Begin PBXProject section */
		F2D6CE191EDC4A2200D8EEFC /* Project object */ = {
			isa = PBXProject;
			attributes = {
				LastUpgradeCheck = 0830;
				ORGANIZATIONNAME = JohnLee;
				TargetAttributes = {
					F2D6CE201EDC4A2200D8EEFC = {
						CreatedOnToolsVersion = 8.3.2;
						DevelopmentTeam = JGRNKP3327;
						ProvisioningStyle = Automatic;
					};
					F2D6CE3C1EDC4A2200D8EEFC = {
						CreatedOnToolsVersion = 8.3.2;
						DevelopmentTeam = JGRNKP3327;
						ProvisioningStyle = Automatic;
						TestTargetID = F2D6CE201EDC4A2200D8EEFC;
					};
					F2D6CE471EDC4A2200D8EEFC = {
						CreatedOnToolsVersion = 8.3.2;
						DevelopmentTeam = JGRNKP3327;
						ProvisioningStyle = Automatic;
						TestTargetID = F2D6CE201EDC4A2200D8EEFC;
					};
				};
			};
			buildConfigurationList = F2D6CE1C1EDC4A2200D8EEFC /* Build configuration list for PBXProject "HybridMenu-iOS" */;
			compatibilityVersion = "Xcode 3.2";
			developmentRegion = English;
			hasScannedForEncodings = 0;
			knownRegions = (
				en,
				Base,
			);
			mainGroup = F2D6CE181EDC4A2200D8EEFC;
			productRefGroup = F2D6CE221EDC4A2200D8EEFC /* Products */;
			projectDirPath = "";
			projectRoot = "";
			targets = (
				F2D6CE201EDC4A2200D8EEFC /* HybridMenu-iOS */,
				F2D6CE3C1EDC4A2200D8EEFC /* HybridMenu-iOSTests */,
				F2D6CE471EDC4A2200D8EEFC /* HybridMenu-iOSUITests */,
			);
		};
/* End PBXProject section */

/* Begin PBXResourcesBuildPhase section */
		F2D6CE1F1EDC4A2200D8EEFC /* Resources */ = {
			isa = PBXResourcesBuildPhase;
			buildActionMask = 2147483647;
			files = (
				F22286D81EED90F60017516C /* menu_img_collected@2x.png in Resources */,
				F20854771EF2205A00A1800F /* mine_img_about@2x.png in Resources */,
				F2337C871EF2BFF600BB962E /* mine_img_head@3x.png in Resources */,
				F22286DC1EEE3C2D0017516C /* login_img_check@2x.png in Resources */,
				F2F5C0111EF02604008DE45E /* MineTableViewCell.xib in Resources */,
				F208547D1EF2205A00A1800F /* mine_img_quit@2x.png in Resources */,
				F24C1BB41EEBBE0D0048D970 /* tabbar_img_daily@2x.png in Resources */,
				F20854761EF2205A00A1800F /* mine_img_quit@3x.png in Resources */,
				F22286D41EED90F60017516C /* menu_img_collect@2x.png in Resources */,
				F20854881EF2350300A1800F /* mine_img_indicator@2x.png in Resources */,
				F20854791EF2205A00A1800F /* mine_img_collect@3x.png in Resources */,
				F26565941EDD1F2F004EEDCC /* LoginViewController.xib in Resources */,
				F24C1BB21EEBBE0D0048D970 /* tabbar_img_mine@2x.png in Resources */,
				F208547B1EF2205A00A1800F /* mine_img_about@3x.png in Resources */,
				F2DC2AD01EEE7FFE00389A85 /* login_img_cancel@2x.png in Resources */,
				F28A3E461EDC5820005E51EE /* Main.storyboard in Resources */,
				F24C1BB91EEBBE870048D970 /* tabbar_img_menu@3x.png in Resources */,
				F208547A1EF2205A00A1800F /* mine_img_suggest@2x.png in Resources */,
				F2DC2AD11EEE7FFE00389A85 /* login_img_cancel@3x.png in Resources */,
				F2D48EC11EE3EA3D007900EC /* MenuListCollectionViewCell.xib in Resources */,
				F22286D91EED90F60017516C /* menu_img_collected@3x.png in Resources */,
				F22286DD1EEE3C2D0017516C /* login_img_check@3x.png in Resources */,
				F22286D71EED90F60017516C /* menu_img_look@3x.png in Resources */,
				F28A3E441EDC5820005E51EE /* Assets.xcassets in Resources */,
				F24C1BB81EEBBE870048D970 /* tabbar_img_menu@2x.png in Resources */,
				F20854891EF2350300A1800F /* mine_img_indicator@3x.png in Resources */,
				F24C1BB51EEBBE0D0048D970 /* tabbar_img_mine@3x.png in Resources */,
				F22286D61EED90F60017516C /* menu_img_look@2x.png in Resources */,
				F28A3E451EDC5820005E51EE /* LaunchScreen.storyboard in Resources */,
				F2337C8F1EF2C25800BB962E /* AboutViewController.xib in Resources */,
				F22286D51EED90F60017516C /* menu_img_collect@3x.png in Resources */,
				F20854781EF2205A00A1800F /* mine_img_collect@2x.png in Resources */,
				F24C1BB31EEBBE0D0048D970 /* tabbar_img_daily@3x.png in Resources */,
				F2337C861EF2BFF600BB962E /* mine_img_head@2x.png in Resources */,
				F208547C1EF2205A00A1800F /* mine_img_suggest@3x.png in Resources */,
			);
			runOnlyForDeploymentPostprocessing = 0;
		};
		F2D6CE3B1EDC4A2200D8EEFC /* Resources */ = {
			isa = PBXResourcesBuildPhase;
			buildActionMask = 2147483647;
			files = (
			);
			runOnlyForDeploymentPostprocessing = 0;
		};
		F2D6CE461EDC4A2200D8EEFC /* Resources */ = {
			isa = PBXResourcesBuildPhase;
			buildActionMask = 2147483647;
			files = (
			);
			runOnlyForDeploymentPostprocessing = 0;
		};
/* End PBXResourcesBuildPhase section */

/* Begin PBXShellScriptBuildPhase section */
		2C7D2A9BEB588715BD961A74 /* [CP] Check Pods Manifest.lock */ = {
			isa = PBXShellScriptBuildPhase;
			buildActionMask = 2147483647;
			files = (
			);
			inputPaths = (
			);
			name = "[CP] Check Pods Manifest.lock";
			outputPaths = (
			);
			runOnlyForDeploymentPostprocessing = 0;
			shellPath = /bin/sh;
			shellScript = "diff \"${PODS_ROOT}/../Podfile.lock\" \"${PODS_ROOT}/Manifest.lock\" > /dev/null\nif [ $? != 0 ] ; then\n    # print error to STDERR\n    echo \"error: The sandbox is not in sync with the Podfile.lock. Run 'pod install' or update your CocoaPods installation.\" >&2\n    exit 1\nfi\n";
			showEnvVarsInLog = 0;
		};
		38D8783DC7C70CBD805A5FE5 /* [CP] Embed Pods Frameworks */ = {
			isa = PBXShellScriptBuildPhase;
			buildActionMask = 2147483647;
			files = (
			);
			inputPaths = (
			);
			name = "[CP] Embed Pods Frameworks";
			outputPaths = (
			);
			runOnlyForDeploymentPostprocessing = 0;
			shellPath = /bin/sh;
			shellScript = "\"${SRCROOT}/Pods/Target Support Files/Pods-HybridMenu-iOS/Pods-HybridMenu-iOS-frameworks.sh\"\n";
			showEnvVarsInLog = 0;
		};
		D71BC7535F697AD0BF06901D /* [CP] Copy Pods Resources */ = {
			isa = PBXShellScriptBuildPhase;
			buildActionMask = 2147483647;
			files = (
			);
			inputPaths = (
			);
			name = "[CP] Copy Pods Resources";
			outputPaths = (
			);
			runOnlyForDeploymentPostprocessing = 0;
			shellPath = /bin/sh;
			shellScript = "\"${SRCROOT}/Pods/Target Support Files/Pods-HybridMenu-iOS/Pods-HybridMenu-iOS-resources.sh\"\n";
			showEnvVarsInLog = 0;
		};
/* End PBXShellScriptBuildPhase section */

/* Begin PBXSourcesBuildPhase section */
		F2D6CE1D1EDC4A2200D8EEFC /* Sources */ = {
			isa = PBXSourcesBuildPhase;
			buildActionMask = 2147483647;
			files = (
				F2D48EB51EE3E0CD007900EC /* DataBaseHelper.m in Sources */,
				F2D48ECA1EE3FF24007900EC /* SegmentView.m in Sources */,
				F2F5C0101EF02604008DE45E /* MineTableViewCell.m in Sources */,
				F26565931EDD1F2F004EEDCC /* LoginViewController.m in Sources */,
				F2BAFDBF1EE265EF007E103C /* BaseViewController.m in Sources */,
				F2D48EC41EE3EF60007900EC /* LoginHandler.m in Sources */,
				F28A3E471EDC5820005E51EE /* HybridMenu_iOS.xcdatamodeld in Sources */,
				F2C570341EE3AA3C00D9FEF4 /* MineViewController.m in Sources */,
				F2D48EA81EE3D627007900EC /* AppUtility.m in Sources */,
				F2337C8E1EF2C25800BB962E /* AboutViewController.m in Sources */,
				F20105391EDD4E5A006DC7E5 /* MainTabBarController.m in Sources */,
				F2BA6F261EE6F76500BF34A7 /* MenuCollectionViewController.m in Sources */,
				F2BAFDC21EE26600007E103C /* BaseTableViewController.m in Sources */,
				F28A3E491EDC5820005E51EE /* main.m in Sources */,
				F265658A1EDD1631004EEDCC /* LoginEntry.m in Sources */,
				F216D28F1EE5A929004FC349 /* BaseCollectionViewController.m in Sources */,
				F2F5C0171EF14883008DE45E /* CommentViewController.m in Sources */,
				F28A3E4D1EDC58D8005E51EE /* HttpClient.m in Sources */,
				F2C5703A1EE3AB8400D9FEF4 /* RecommendViewController.m in Sources */,
				F2D48EB81EE3E15A007900EC /* BaseHandler.m in Sources */,
				F24C1BC41EEBE30E0048D970 /* MenuWebViewController.m in Sources */,
				F2C570311EE3AA1A00D9FEF4 /* MenuViewController.m in Sources */,
				F2D48ECD1EE411B2007900EC /* MenuListCollectionViewCell.m in Sources */,
				F2337C921EF2C42500BB962E /* SuggestionViewController.m in Sources */,
				F2D48EAB1EE3D636007900EC /* UserDefaultUtility.m in Sources */,
				F2C570371EE3AA7E00D9FEF4 /* MenuListModel.m in Sources */,
				F2D48EAF1EE3DCED007900EC /* AppDelegate.m in Sources */,
			);
			runOnlyForDeploymentPostprocessing = 0;
		};
		F2D6CE391EDC4A2200D8EEFC /* Sources */ = {
			isa = PBXSourcesBuildPhase;
			buildActionMask = 2147483647;
			files = (
				F2D6CE421EDC4A2200D8EEFC /* HybridMenu_iOSTests.m in Sources */,
			);
			runOnlyForDeploymentPostprocessing = 0;
		};
		F2D6CE441EDC4A2200D8EEFC /* Sources */ = {
			isa = PBXSourcesBuildPhase;
			buildActionMask = 2147483647;
			files = (
				F2D6CE4D1EDC4A2200D8EEFC /* HybridMenu_iOSUITests.m in Sources */,
			);
			runOnlyForDeploymentPostprocessing = 0;
		};
/* End PBXSourcesBuildPhase section */

/* Begin PBXTargetDependency section */
		F2D6CE3F1EDC4A2200D8EEFC /* PBXTargetDependency */ = {
			isa = PBXTargetDependency;
			target = F2D6CE201EDC4A2200D8EEFC /* HybridMenu-iOS */;
			targetProxy = F2D6CE3E1EDC4A2200D8EEFC /* PBXContainerItemProxy */;
		};
		F2D6CE4A1EDC4A2200D8EEFC /* PBXTargetDependency */ = {
			isa = PBXTargetDependency;
			target = F2D6CE201EDC4A2200D8EEFC /* HybridMenu-iOS */;
			targetProxy = F2D6CE491EDC4A2200D8EEFC /* PBXContainerItemProxy */;
		};
/* End PBXTargetDependency section */

/* Begin PBXVariantGroup section */
		F28A3E321EDC5820005E51EE /* LaunchScreen.storyboard */ = {
			isa = PBXVariantGroup;
			children = (
				F28A3E331EDC5820005E51EE /* Base */,
			);
			name = LaunchScreen.storyboard;
			sourceTree = "<group>";
		};
		F28A3E341EDC5820005E51EE /* Main.storyboard */ = {
			isa = PBXVariantGroup;
			children = (
				F28A3E351EDC5820005E51EE /* Base */,
			);
			name = Main.storyboard;
			sourceTree = "<group>";
		};
/* End PBXVariantGroup section */

/* Begin XCBuildConfiguration section */
		F2D6CE4F1EDC4A2200D8EEFC /* Debug */ = {
			isa = XCBuildConfiguration;
			buildSettings = {
				ALWAYS_SEARCH_USER_PATHS = NO;
				CLANG_ANALYZER_NONNULL = YES;
				CLANG_ANALYZER_NUMBER_OBJECT_CONVERSION = YES_AGGRESSIVE;
				CLANG_CXX_LANGUAGE_STANDARD = "gnu++0x";
				CLANG_CXX_LIBRARY = "libc++";
				CLANG_ENABLE_MODULES = YES;
				CLANG_ENABLE_OBJC_ARC = YES;
				CLANG_WARN_BOOL_CONVERSION = YES;
				CLANG_WARN_CONSTANT_CONVERSION = YES;
				CLANG_WARN_DIRECT_OBJC_ISA_USAGE = YES_ERROR;
				CLANG_WARN_DOCUMENTATION_COMMENTS = YES;
				CLANG_WARN_EMPTY_BODY = YES;
				CLANG_WARN_ENUM_CONVERSION = YES;
				CLANG_WARN_INFINITE_RECURSION = YES;
				CLANG_WARN_INT_CONVERSION = YES;
				CLANG_WARN_OBJC_ROOT_CLASS = YES_ERROR;
				CLANG_WARN_SUSPICIOUS_MOVE = YES;
				CLANG_WARN_UNREACHABLE_CODE = YES;
				CLANG_WARN__DUPLICATE_METHOD_MATCH = YES;
				"CODE_SIGN_IDENTITY[sdk=iphoneos*]" = "iPhone Developer";
				COPY_PHASE_STRIP = NO;
				DEBUG_INFORMATION_FORMAT = dwarf;
				ENABLE_STRICT_OBJC_MSGSEND = YES;
				ENABLE_TESTABILITY = YES;
				GCC_C_LANGUAGE_STANDARD = gnu99;
				GCC_DYNAMIC_NO_PIC = NO;
				GCC_NO_COMMON_BLOCKS = YES;
				GCC_OPTIMIZATION_LEVEL = 0;
				GCC_PREPROCESSOR_DEFINITIONS = (
					"DEBUG=1",
					"$(inherited)",
				);
				GCC_WARN_64_TO_32_BIT_CONVERSION = YES;
				GCC_WARN_ABOUT_RETURN_TYPE = YES_ERROR;
				GCC_WARN_UNDECLARED_SELECTOR = YES;
				GCC_WARN_UNINITIALIZED_AUTOS = YES_AGGRESSIVE;
				GCC_WARN_UNUSED_FUNCTION = YES;
				GCC_WARN_UNUSED_VARIABLE = YES;
				IPHONEOS_DEPLOYMENT_TARGET = 10.3;
				MTL_ENABLE_DEBUG_INFO = YES;
				ONLY_ACTIVE_ARCH = YES;
				SDKROOT = iphoneos;
			};
			name = Debug;
		};
		F2D6CE501EDC4A2200D8EEFC /* Release */ = {
			isa = XCBuildConfiguration;
			buildSettings = {
				ALWAYS_SEARCH_USER_PATHS = NO;
				CLANG_ANALYZER_NONNULL = YES;
				CLANG_ANALYZER_NUMBER_OBJECT_CONVERSION = YES_AGGRESSIVE;
				CLANG_CXX_LANGUAGE_STANDARD = "gnu++0x";
				CLANG_CXX_LIBRARY = "libc++";
				CLANG_ENABLE_MODULES = YES;
				CLANG_ENABLE_OBJC_ARC = YES;
				CLANG_WARN_BOOL_CONVERSION = YES;
				CLANG_WARN_CONSTANT_CONVERSION = YES;
				CLANG_WARN_DIRECT_OBJC_ISA_USAGE = YES_ERROR;
				CLANG_WARN_DOCUMENTATION_COMMENTS = YES;
				CLANG_WARN_EMPTY_BODY = YES;
				CLANG_WARN_ENUM_CONVERSION = YES;
				CLANG_WARN_INFINITE_RECURSION = YES;
				CLANG_WARN_INT_CONVERSION = YES;
				CLANG_WARN_OBJC_ROOT_CLASS = YES_ERROR;
				CLANG_WARN_SUSPICIOUS_MOVE = YES;
				CLANG_WARN_UNREACHABLE_CODE = YES;
				CLANG_WARN__DUPLICATE_METHOD_MATCH = YES;
				"CODE_SIGN_IDENTITY[sdk=iphoneos*]" = "iPhone Developer";
				COPY_PHASE_STRIP = NO;
				DEBUG_INFORMATION_FORMAT = "dwarf-with-dsym";
				ENABLE_NS_ASSERTIONS = NO;
				ENABLE_STRICT_OBJC_MSGSEND = YES;
				GCC_C_LANGUAGE_STANDARD = gnu99;
				GCC_NO_COMMON_BLOCKS = YES;
				GCC_WARN_64_TO_32_BIT_CONVERSION = YES;
				GCC_WARN_ABOUT_RETURN_TYPE = YES_ERROR;
				GCC_WARN_UNDECLARED_SELECTOR = YES;
				GCC_WARN_UNINITIALIZED_AUTOS = YES_AGGRESSIVE;
				GCC_WARN_UNUSED_FUNCTION = YES;
				GCC_WARN_UNUSED_VARIABLE = YES;
				IPHONEOS_DEPLOYMENT_TARGET = 10.3;
				MTL_ENABLE_DEBUG_INFO = NO;
				SDKROOT = iphoneos;
				VALIDATE_PRODUCT = YES;
			};
			name = Release;
		};
		F2D6CE521EDC4A2200D8EEFC /* Debug */ = {
			isa = XCBuildConfiguration;
			baseConfigurationReference = E26B778B5ECD761CE76F7D85 /* Pods-HybridMenu-iOS.debug.xcconfig */;
			buildSettings = {
				ASSETCATALOG_COMPILER_APPICON_NAME = AppIcon;
				DEVELOPMENT_TEAM = JGRNKP3327;
				GCC_PRECOMPILE_PREFIX_HEADER = YES;
				GCC_PREFIX_HEADER = "$(SRCROOT)/HybridMenu-iOS/Common/PrefixHeader.pch";
				INFOPLIST_FILE = "$(SRCROOT)/HybridMenu-iOS/Supporting Files/Info.plist";
				LD_RUNPATH_SEARCH_PATHS = "$(inherited) @executable_path/Frameworks";
				PRODUCT_BUNDLE_IDENTIFIER = "JohnLee.HybridMenu-iOS";
				PRODUCT_NAME = "$(TARGET_NAME)";
			};
			name = Debug;
		};
		F2D6CE531EDC4A2200D8EEFC /* Release */ = {
			isa = XCBuildConfiguration;
			baseConfigurationReference = 1FB26CBC0318A7036BA8A442 /* Pods-HybridMenu-iOS.release.xcconfig */;
			buildSettings = {
				ASSETCATALOG_COMPILER_APPICON_NAME = AppIcon;
				DEVELOPMENT_TEAM = JGRNKP3327;
				GCC_PRECOMPILE_PREFIX_HEADER = YES;
				GCC_PREFIX_HEADER = "$(SRCROOT)/HybridMenu-iOS/Common/PrefixHeader.pch";
				INFOPLIST_FILE = "$(SRCROOT)/HybridMenu-iOS/Supporting Files/Info.plist";
				LD_RUNPATH_SEARCH_PATHS = "$(inherited) @executable_path/Frameworks";
				PRODUCT_BUNDLE_IDENTIFIER = "JohnLee.HybridMenu-iOS";
				PRODUCT_NAME = "$(TARGET_NAME)";
			};
			name = Release;
		};
		F2D6CE551EDC4A2200D8EEFC /* Debug */ = {
			isa = XCBuildConfiguration;
			buildSettings = {
				BUNDLE_LOADER = "$(TEST_HOST)";
				DEVELOPMENT_TEAM = JGRNKP3327;
				INFOPLIST_FILE = "HybridMenu-iOSTests/Info.plist";
				LD_RUNPATH_SEARCH_PATHS = "$(inherited) @executable_path/Frameworks @loader_path/Frameworks";
				PRODUCT_BUNDLE_IDENTIFIER = "JohnLee.HybridMenu-iOSTests";
				PRODUCT_NAME = "$(TARGET_NAME)";
				TEST_HOST = "$(BUILT_PRODUCTS_DIR)/HybridMenu-iOS.app/HybridMenu-iOS";
			};
			name = Debug;
		};
		F2D6CE561EDC4A2200D8EEFC /* Release */ = {
			isa = XCBuildConfiguration;
			buildSettings = {
				BUNDLE_LOADER = "$(TEST_HOST)";
				DEVELOPMENT_TEAM = JGRNKP3327;
				INFOPLIST_FILE = "HybridMenu-iOSTests/Info.plist";
				LD_RUNPATH_SEARCH_PATHS = "$(inherited) @executable_path/Frameworks @loader_path/Frameworks";
				PRODUCT_BUNDLE_IDENTIFIER = "JohnLee.HybridMenu-iOSTests";
				PRODUCT_NAME = "$(TARGET_NAME)";
				TEST_HOST = "$(BUILT_PRODUCTS_DIR)/HybridMenu-iOS.app/HybridMenu-iOS";
			};
			name = Release;
		};
		F2D6CE581EDC4A2200D8EEFC /* Debug */ = {
			isa = XCBuildConfiguration;
			buildSettings = {
				DEVELOPMENT_TEAM = JGRNKP3327;
				INFOPLIST_FILE = "HybridMenu-iOSUITests/Info.plist";
				LD_RUNPATH_SEARCH_PATHS = "$(inherited) @executable_path/Frameworks @loader_path/Frameworks";
				PRODUCT_BUNDLE_IDENTIFIER = "JohnLee.HybridMenu-iOSUITests";
				PRODUCT_NAME = "$(TARGET_NAME)";
				TEST_TARGET_NAME = "HybridMenu-iOS";
			};
			name = Debug;
		};
		F2D6CE591EDC4A2200D8EEFC /* Release */ = {
			isa = XCBuildConfiguration;
			buildSettings = {
				DEVELOPMENT_TEAM = JGRNKP3327;
				INFOPLIST_FILE = "HybridMenu-iOSUITests/Info.plist";
				LD_RUNPATH_SEARCH_PATHS = "$(inherited) @executable_path/Frameworks @loader_path/Frameworks";
				PRODUCT_BUNDLE_IDENTIFIER = "JohnLee.HybridMenu-iOSUITests";
				PRODUCT_NAME = "$(TARGET_NAME)";
				TEST_TARGET_NAME = "HybridMenu-iOS";
			};
			name = Release;
		};
/* End XCBuildConfiguration section */

/* Begin XCConfigurationList section */
		F2D6CE1C1EDC4A2200D8EEFC /* Build configuration list for PBXProject "HybridMenu-iOS" */ = {
			isa = XCConfigurationList;
			buildConfigurations = (
				F2D6CE4F1EDC4A2200D8EEFC /* Debug */,
				F2D6CE501EDC4A2200D8EEFC /* Release */,
			);
			defaultConfigurationIsVisible = 0;
			defaultConfigurationName = Release;
		};
		F2D6CE511EDC4A2200D8EEFC /* Build configuration list for PBXNativeTarget "HybridMenu-iOS" */ = {
			isa = XCConfigurationList;
			buildConfigurations = (
				F2D6CE521EDC4A2200D8EEFC /* Debug */,
				F2D6CE531EDC4A2200D8EEFC /* Release */,
			);
			defaultConfigurationIsVisible = 0;
			defaultConfigurationName = Release;
		};
		F2D6CE541EDC4A2200D8EEFC /* Build configuration list for PBXNativeTarget "HybridMenu-iOSTests" */ = {
			isa = XCConfigurationList;
			buildConfigurations = (
				F2D6CE551EDC4A2200D8EEFC /* Debug */,
				F2D6CE561EDC4A2200D8EEFC /* Release */,
			);
			defaultConfigurationIsVisible = 0;
			defaultConfigurationName = Release;
		};
		F2D6CE571EDC4A2200D8EEFC /* Build configuration list for PBXNativeTarget "HybridMenu-iOSUITests" */ = {
			isa = XCConfigurationList;
			buildConfigurations = (
				F2D6CE581EDC4A2200D8EEFC /* Debug */,
				F2D6CE591EDC4A2200D8EEFC /* Release */,
			);
			defaultConfigurationIsVisible = 0;
			defaultConfigurationName = Release;
		};
/* End XCConfigurationList section */

/* Begin XCVersionGroup section */
		F28A3E361EDC5820005E51EE /* HybridMenu_iOS.xcdatamodeld */ = {
			isa = XCVersionGroup;
			children = (
				F28A3E371EDC5820005E51EE /* HybridMenu_iOS.xcdatamodel */,
			);
			currentVersion = F28A3E371EDC5820005E51EE /* HybridMenu_iOS.xcdatamodel */;
			path = HybridMenu_iOS.xcdatamodeld;
			sourceTree = "<group>";
			versionGroupType = wrapper.xcdatamodel;
		};
/* End XCVersionGroup section */
	};
	rootObject = F2D6CE191EDC4A2200D8EEFC /* Project object */;
}
